{
  "nodes": {
    "nixpkgs": {
      "locked": {
        "lastModified": 1721548954,
        "narHash": "sha256-7cCC8+Tdq1+3OPyc3+gVo9dzUNkNIQfwSDJ2HSi2u3o=",
        "owner": "NixOS",
        "repo": "nixpkgs",
        "rev": "63d37ccd2d178d54e7fb691d7ec76000740ea24a",
        "type": "github"
      },
      "original": {
        "owner": "NixOS",
        "ref": "nixos-24.05",
        "repo": "nixpkgs",
        "type": "github"
      }
    },
    "nixpkgs_darwin": {
      "locked": {
        "lastModified": 1721662280,
        "narHash": "sha256-veJoWy9VCxWaBeLYUD0BqTu2fqMvDg98TxSFau7ewaA=",
        "owner": "NixOS",
        "repo": "nixpkgs",
        "rev": "ea73e7ae9dea53d112cb08fb78f4e00d1f686c54",
        "type": "github"
      },
      "original": {
        "owner": "NixOS",
        "ref": "nixpkgs-24.05-darwin",
        "repo": "nixpkgs",
        "type": "github"
      }
    },
    "root": {
      "inputs": {
        "nixpkgs": "nixpkgs",
        "nixpkgs_darwin": "nixpkgs_darwin"
      }
    }
  },
  "root": "root",
  "version": 7
}
